
Microsoft Visual Studio Solution File, Format Version 12.00
# Visual Studio 15
VisualStudioVersion = 15.0.26730.16
MinimumVisualStudioVersion = 10.0.40219.1
Project("{FAE04EC0-301F-11D3-BF4B-00C04F79EFBC}") = "TSQL2PGSQL", "TSQL2PGSQL\TSQL2PGSQL.csproj", "{76A9E317-86BD-4DA3-B6B1-1EC4529601FB}"
EndProject
Global
	GlobalSection(SolutionConfigurationPlatforms) = preSolution
		Debug|Any CPU = Debug|Any CPU
		Release|Any CPU = Release|Any CPU
	EndGlobalSection
	GlobalSection(ProjectConfigurationPlatforms) = postSolution
		{76A9E317-86BD-4DA3-B6B1-1EC4529601FB}.Debug|Any CPU.ActiveCfg = Debug|Any CPU
		{76A9E317-86BD-4DA3-B6B1-1EC4529601FB}.Debug|Any CPU.Build.0 = Debug|Any CPU
		{76A9E317-86BD-4DA3-B6B1-1EC4529601FB}.Release|Any CPU.ActiveCfg = Release|Any CPU
		{76A9E317-86BD-4DA3-B6B1-1EC4529601FB}.Release|Any CPU.Build.0 = Release|Any CPU
	EndGlobalSection
	GlobalSection(SolutionProperties) = preSolution
		HideSolutionNode = FALSE
	EndGlobalSection
	GlobalSection(ExtensibilityGlobals) = postSolution
		SolutionGuid = {35CDF258-C416-40DE-AD51-63B4A48D5436}
	EndGlobalSection
EndGlobal
